<?xml version="1.0" encoding="utf-8"?>
<Project ToolsVersion="4.0" xmlns="http://schemas.microsoft.com/developer/msbuild/2003">
  <ItemGroup>
    <Filter Include="Source Files">
      <UniqueIdentifier>{4FC737F1-C7A5-4376-A066-2A32D752A2FF}</UniqueIdentifier>
      <Extensions>cpp;c;cc;cxx;c++;cppm;ixx;def;odl;idl;hpj;bat;asm;asmx</Extensions>
    </Filter>
    <Filter Include="Header Files">
      <UniqueIdentifier>{93995380-89BD-4b04-88EB-625FBE52EBFB}</UniqueIdentifier>
      <Extensions>h;hh;hpp;hxx;h++;hm;inl;inc;ipp;xsd</Extensions>
    </Filter>
    <Filter Include="Resource Files">
      <UniqueIdentifier>{67DA6AB6-F800-4c08-8B7A-83BB121AAD01}</UniqueIdentifier>
      <Extensions>rc;ico;cur;bmp;dlg;rc2;rct;bin;rgs;gif;jpg;jpeg;jpe;resx;tiff;tif;png;wav;mfcribbon-ms</Extensions>
    </Filter>
  </ItemGroup>
  <ItemGroup>
    <ClCompile Include="addTwice.cpp">
      <Filter>Source Files</Filter>
    </ClCompile>
    <ClCompile Include="naturalNumber.cpp">
      <Filter>Source Files</Filter>
    </ClCompile>
    <ClCompile Include="hap.cpp">
      <Filter>Source Files</Filter>
    </ClCompile>
    <ClCompile Include="ageDiff.cpp">
      <Filter>Source Files</Filter>
    </ClCompile>
    <ClCompile Include="calAge.cpp">
      <Filter>Source Files</Filter>
    </ClCompile>
    <ClCompile Include="extractNumber.cpp">
      <Filter>Source Files</Filter>
    </ClCompile>
    <ClCompile Include="restoreStr.cpp">
      <Filter>Source Files</Filter>
    </ClCompile>
    <ClCompile Include="checkParenthesis.cpp">
      <Filter>Source Files</Filter>
    </ClCompile>
    <ClCompile Include="gou.cpp">
      <Filter>Source Files</Filter>
    </ClCompile>
    <ClCompile Include="jaritsu_hap.cpp">
      <Filter>Source Files</Filter>
    </ClCompile>
    <ClCompile Include="count_num_small.cpp">
      <Filter>Source Files</Filter>
    </ClCompile>
    <ClCompile Include="count_num_large.cpp">
      <Filter>Source Files</Filter>
    </ClCompile>
    <ClCompile Include="ga_man_ga.cpp">
      <Filter>Source Files</Filter>
    </ClCompile>
    <ClCompile Include="reverse_prime_number.cpp">
      <Filter>Source Files</Filter>
    </ClCompile>
    <ClCompile Include="count_prime_number.cpp">
      <Filter>Source Files</Filter>
    </ClCompile>
    <ClCompile Include="anagram.cpp">
      <Filter>Source Files</Filter>
    </ClCompile>
    <ClCompile Include="teacher-quiz.cpp">
      <Filter>Source Files</Filter>
    </ClCompile>
    <ClCompile Include="noise.cpp">
      <Filter>Source Files</Filter>
    </ClCompile>
    <ClCompile Include="noWan.cpp">
      <Filter>Source Files</Filter>
    </ClCompile>
    <ClCompile Include="key.cpp">
      <Filter>Source Files</Filter>
    </ClCompile>
    <ClCompile Include="rock_seasor_paper.cpp">
      <Filter>Source Files</Filter>
    </ClCompile>
    <ClCompile Include="card_game.cpp">
      <Filter>Source Files</Filter>
    </ClCompile>
    <ClCompile Include="ondocha.cpp">
      <Filter>Source Files</Filter>
    </ClCompile>
    <ClCompile Include="continuously_increase_sequence.cpp">
      <Filter>Source Files</Filter>
    </ClCompile>
    <ClCompile Include="jolly_jumper.cpp">
      <Filter>Source Files</Filter>
    </ClCompile>
    <ClCompile Include="suk_cha.cpp">
      <Filter>Source Files</Filter>
    </ClCompile>
    <ClCompile Include="marathon.cpp">
      <Filter>Source Files</Filter>
    </ClCompile>
    <ClCompile Include="27.cpp">
      <Filter>Source Files</Filter>
    </ClCompile>
    <ClCompile Include="d28.cpp">
      <Filter>Source Files</Filter>
    </ClCompile>
    <ClCompile Include="d29.cpp">
      <Filter>Source Files</Filter>
    </ClCompile>
    <ClCompile Include="26.cpp">
      <Filter>Source Files</Filter>
    </ClCompile>
  </ItemGroup>
</Project>